
Microsoft Visual Studio Solution File, Format Version 12.00
# Visual Studio Version 16
VisualStudioVersion = 16.0.32901.82
MinimumVisualStudioVersion = 10.0.40219.1
Project("{FAE04EC0-301F-11D3-BF4B-00C04F79EFBC}") = "Game2048", "Game2048.csproj", "{C3271260-75F5-47C0-9EEE-4AB97D2CA721}"
EndProject
Global
	GlobalSection(SolutionConfigurationPlatforms) = preSolution
		Debug|Any CPU = Debug|Any CPU
		Release|Any CPU = Release|Any CPU
	EndGlobalSection
	GlobalSection(ProjectConfigurationPlatforms) = postSolution
		{C3271260-75F5-47C0-9EEE-4AB97D2CA721}.Debug|Any CPU.ActiveCfg = Debug|Any CPU
		{C3271260-75F5-47C0-9EEE-4AB97D2CA721}.Debug|Any CPU.Build.0 = Debug|Any CPU
		{C3271260-75F5-47C0-9EEE-4AB97D2CA721}.Release|Any CPU.ActiveCfg = Release|Any CPU
		{C3271260-75F5-47C0-9EEE-4AB97D2CA721}.Release|Any CPU.Build.0 = Release|Any CPU
	EndGlobalSection
	GlobalSection(SolutionProperties) = preSolution
		HideSolutionNode = FALSE
	EndGlobalSection
	GlobalSection(ExtensibilityGlobals) = postSolution
		SolutionGuid = {ED6CFBB0-D590-47E4-AC8A-C327B6E991D5}
	EndGlobalSection
EndGlobal
